
Microsoft Visual Studio Solution File, Format Version 12.00
Project("{FAE04EC0-301F-11D3-BF4B-00C04F79EFBC}") = "TXSystem.Domain", "TXSystem.Domain\TXSystem.Domain.csproj", "{9FD60C23-1BA1-4CD6-A7A4-7B87DFE418AB}"
EndProject
Project("{FAE04EC0-301F-11D3-BF4B-00C04F79EFBC}") = "TXSystem.Mvc", "TXSystem.Mvc\TXSystem.Mvc.csproj", "{BFC5A47E-80A4-4D4C-8E9B-0EDB8B9D98D5}"
EndProject
Global
	GlobalSection(SolutionConfigurationPlatforms) = preSolution
		Debug|Any CPU = Debug|Any CPU
		Release|Any CPU = Release|Any CPU
	EndGlobalSection
	GlobalSection(ProjectConfigurationPlatforms) = postSolution
		{9FD60C23-1BA1-4CD6-A7A4-7B87DFE418AB}.Debug|Any CPU.ActiveCfg = Debug|Any CPU
		{9FD60C23-1BA1-4CD6-A7A4-7B87DFE418AB}.Debug|Any CPU.Build.0 = Debug|Any CPU
		{9FD60C23-1BA1-4CD6-A7A4-7B87DFE418AB}.Release|Any CPU.ActiveCfg = Release|Any CPU
		{9FD60C23-1BA1-4CD6-A7A4-7B87DFE418AB}.Release|Any CPU.Build.0 = Release|Any CPU
		{BFC5A47E-80A4-4D4C-8E9B-0EDB8B9D98D5}.Debug|Any CPU.ActiveCfg = Debug|Any CPU
		{BFC5A47E-80A4-4D4C-8E9B-0EDB8B9D98D5}.Debug|Any CPU.Build.0 = Debug|Any CPU
		{BFC5A47E-80A4-4D4C-8E9B-0EDB8B9D98D5}.Release|Any CPU.ActiveCfg = Release|Any CPU
		{BFC5A47E-80A4-4D4C-8E9B-0EDB8B9D98D5}.Release|Any CPU.Build.0 = Release|Any CPU
	EndGlobalSection
EndGlobal
